// !$*UTF8*$!
{
	archiveVersion = 1;
	classes = {
	};
	objectVersion = 50;
	objects = {

/* Begin PBXBuildFile section */
		DDA6FE8E22D7F49E00E88A9A /* AppDelegate.swift in Sources */ = {isa = PBXBuildFile; fileRef = DDA6FE8D22D7F49E00E88A9A /* AppDelegate.swift */; };
		DDA6FE9022D7F49E00E88A9A /* ViewController.swift in Sources */ = {isa = PBXBuildFile; fileRef = DDA6FE8F22D7F49E00E88A9A /* ViewController.swift */; };
		DDA6FE9322D7F49E00E88A9A /* Main.storyboard in Resources */ = {isa = PBXBuildFile; fileRef = DDA6FE9122D7F49E00E88A9A /* Main.storyboard */; };
		DDA6FE9522D7F4A000E88A9A /* Assets.xcassets in Resources */ = {isa = PBXBuildFile; fileRef = DDA6FE9422D7F4A000E88A9A /* Assets.xcassets */; };
		DDA6FE9822D7F4A000E88A9A /* LaunchScreen.storyboard in Resources */ = {isa = PBXBuildFile; fileRef = DDA6FE9622D7F4A000E88A9A /* LaunchScreen.storyboard */; };
		DDA6FEA322D7F4A000E88A9A /* C0753140_MidTerm_MAD3115S2019Tests.swift in Sources */ = {isa = PBXBuildFile; fileRef = DDA6FEA222D7F4A000E88A9A /* C0753140_MidTerm_MAD3115S2019Tests.swift */; };
		DDA6FEAE22D7F4A000E88A9A /* C0753140_MidTerm_MAD3115S2019UITests.swift in Sources */ = {isa = PBXBuildFile; fileRef = DDA6FEAD22D7F4A000E88A9A /* C0753140_MidTerm_MAD3115S2019UITests.swift */; };
		DDA6FEBC22D7F70F00E88A9A /* SplashViewController.swift in Sources */ = {isa = PBXBuildFile; fileRef = DDA6FEBB22D7F70F00E88A9A /* SplashViewController.swift */; };
		DDA6FEC022D8072A00E88A9A /* BillListTableViewController.swift in Sources */ = {isa = PBXBuildFile; fileRef = DDA6FEBF22D8072A00E88A9A /* BillListTableViewController.swift */; };
		DDA6FEC622D8154300E88A9A /* Users.plist in Resources */ = {isa = PBXBuildFile; fileRef = DDA6FEC522D8154300E88A9A /* Users.plist */; };
		DDA6FEC822D8387B00E88A9A /* Customer.swift in Sources */ = {isa = PBXBuildFile; fileRef = DDA6FEC722D8387B00E88A9A /* Customer.swift */; };
		DDA6FECB22D8393700E88A9A /* Hydro.swift in Sources */ = {isa = PBXBuildFile; fileRef = DDA6FECA22D8393700E88A9A /* Hydro.swift */; };
		DDA6FECD22D8396A00E88A9A /* Bill.swift in Sources */ = {isa = PBXBuildFile; fileRef = DDA6FECC22D8396A00E88A9A /* Bill.swift */; };
		DDA6FECF22D8399D00E88A9A /* Internet.swift in Sources */ = {isa = PBXBuildFile; fileRef = DDA6FECE22D8399D00E88A9A /* Internet.swift */; };
		DDA6FED122D839D100E88A9A /* Mobile.swift in Sources */ = {isa = PBXBuildFile; fileRef = DDA6FED022D839D100E88A9A /* Mobile.swift */; };
		DDA6FED822D843D500E88A9A /* CustomerTableCellTableViewCell.swift in Sources */ = {isa = PBXBuildFile; fileRef = DDA6FED722D843D500E88A9A /* CustomerTableCellTableViewCell.swift */; };
		DDA6FEDB22D9066F00E88A9A /* utilities.swift in Sources */ = {isa = PBXBuildFile; fileRef = DDA6FEDA22D9066F00E88A9A /* utilities.swift */; };
		DDA6FEDD22D9214200E88A9A /* studentData.swift in Sources */ = {isa = PBXBuildFile; fileRef = DDA6FEDC22D9214200E88A9A /* studentData.swift */; };
		DDA6FEDF22D9401200E88A9A /* ShowBillDetailsViewController.swift in Sources */ = {isa = PBXBuildFile; fileRef = DDA6FEDE22D9401200E88A9A /* ShowBillDetailsViewController.swift */; };
/* End PBXBuildFile section */

/* Begin PBXContainerItemProxy section */
		DDA6FE9F22D7F4A000E88A9A /* PBXContainerItemProxy */ = {
			isa = PBXContainerItemProxy;
			containerPortal = DDA6FE8222D7F49E00E88A9A /* Project object */;
			proxyType = 1;
			remoteGlobalIDString = DDA6FE8922D7F49E00E88A9A;
			remoteInfo = C0753140_MidTerm_MAD3115S2019;
		};
		DDA6FEAA22D7F4A000E88A9A /* PBXContainerItemProxy */ = {
			isa = PBXContainerItemProxy;
			containerPortal = DDA6FE8222D7F49E00E88A9A /* Project object */;
			proxyType = 1;
			remoteGlobalIDString = DDA6FE8922D7F49E00E88A9A;
			remoteInfo = C0753140_MidTerm_MAD3115S2019;
		};
/* End PBXContainerItemProxy section */

/* Begin PBXFileReference section */
		DDA6FE8A22D7F49E00E88A9A /* C0753140_MidTerm_MAD3115S2019.app */ = {isa = PBXFileReference; explicitFileType = wrapper.application; includeInIndex = 0; path = C0753140_MidTerm_MAD3115S2019.app; sourceTree = BUILT_PRODUCTS_DIR; };
		DDA6FE8D22D7F49E00E88A9A /* AppDelegate.swift */ = {isa = PBXFileReference; lastKnownFileType = sourcecode.swift; path = AppDelegate.swift; sourceTree = "<group>"; };
		DDA6FE8F22D7F49E00E88A9A /* ViewController.swift */ = {isa = PBXFileReference; lastKnownFileType = sourcecode.swift; path = ViewController.swift; sourceTree = "<group>"; };
		DDA6FE9222D7F49E00E88A9A /* Base */ = {isa = PBXFileReference; lastKnownFileType = file.storyboard; name = Base; path = Base.lproj/Main.storyboard; sourceTree = "<group>"; };
		DDA6FE9422D7F4A000E88A9A /* Assets.xcassets */ = {isa = PBXFileReference; lastKnownFileType = folder.assetcatalog; path = Assets.xcassets; sourceTree = "<group>"; };
		DDA6FE9722D7F4A000E88A9A /* Base */ = {isa = PBXFileReference; lastKnownFileType = file.storyboard; name = Base; path = Base.lproj/LaunchScreen.storyboard; sourceTree = "<group>"; };
		DDA6FE9922D7F4A000E88A9A /* Info.plist */ = {isa = PBXFileReference; lastKnownFileType = text.plist.xml; path = Info.plist; sourceTree = "<group>"; };
		DDA6FE9E22D7F4A000E88A9A /* C0753140_MidTerm_MAD3115S2019Tests.xctest */ = {isa = PBXFileReference; explicitFileType = wrapper.cfbundle; includeInIndex = 0; path = C0753140_MidTerm_MAD3115S2019Tests.xctest; sourceTree = BUILT_PRODUCTS_DIR; };
		DDA6FEA222D7F4A000E88A9A /* C0753140_MidTerm_MAD3115S2019Tests.swift */ = {isa = PBXFileReference; lastKnownFileType = sourcecode.swift; path = C0753140_MidTerm_MAD3115S2019Tests.swift; sourceTree = "<group>"; };
		DDA6FEA422D7F4A000E88A9A /* Info.plist */ = {isa = PBXFileReference; lastKnownFileType = text.plist.xml; path = Info.plist; sourceTree = "<group>"; };
		DDA6FEA922D7F4A000E88A9A /* C0753140_MidTerm_MAD3115S2019UITests.xctest */ = {isa = PBXFileReference; explicitFileType = wrapper.cfbundle; includeInIndex = 0; path = C0753140_MidTerm_MAD3115S2019UITests.xctest; sourceTree = BUILT_PRODUCTS_DIR; };
		DDA6FEAD22D7F4A000E88A9A /* C0753140_MidTerm_MAD3115S2019UITests.swift */ = {isa = PBXFileReference; lastKnownFileType = sourcecode.swift; path = C0753140_MidTerm_MAD3115S2019UITests.swift; sourceTree = "<group>"; };
		DDA6FEAF22D7F4A000E88A9A /* Info.plist */ = {isa = PBXFileReference; lastKnownFileType = text.plist.xml; path = Info.plist; sourceTree = "<group>"; };
		DDA6FEBB22D7F70F00E88A9A /* SplashViewController.swift */ = {isa = PBXFileReference; lastKnownFileType = sourcecode.swift; path = SplashViewController.swift; sourceTree = "<group>"; };
		DDA6FEBF22D8072A00E88A9A /* BillListTableViewController.swift */ = {isa = PBXFileReference; lastKnownFileType = sourcecode.swift; path = BillListTableViewController.swift; sourceTree = "<group>"; };
		DDA6FEC522D8154300E88A9A /* Users.plist */ = {isa = PBXFileReference; lastKnownFileType = text.plist.xml; path = Users.plist; sourceTree = "<group>"; };
		DDA6FEC722D8387B00E88A9A /* Customer.swift */ = {isa = PBXFileReference; lastKnownFileType = sourcecode.swift; path = Customer.swift; sourceTree = "<group>"; };
		DDA6FECA22D8393700E88A9A /* Hydro.swift */ = {isa = PBXFileReference; lastKnownFileType = sourcecode.swift; path = Hydro.swift; sourceTree = "<group>"; };
		DDA6FECC22D8396A00E88A9A /* Bill.swift */ = {isa = PBXFileReference; lastKnownFileType = sourcecode.swift; path = Bill.swift; sourceTree = "<group>"; };
		DDA6FECE22D8399D00E88A9A /* Internet.swift */ = {isa = PBXFileReference; lastKnownFileType = sourcecode.swift; path = Internet.swift; sourceTree = "<group>"; };
		DDA6FED022D839D100E88A9A /* Mobile.swift */ = {isa = PBXFileReference; lastKnownFileType = sourcecode.swift; path = Mobile.swift; sourceTree = "<group>"; };
		DDA6FED722D843D500E88A9A /* CustomerTableCellTableViewCell.swift */ = {isa = PBXFileReference; lastKnownFileType = sourcecode.swift; path = CustomerTableCellTableViewCell.swift; sourceTree = "<group>"; };
		DDA6FEDA22D9066F00E88A9A /* utilities.swift */ = {isa = PBXFileReference; lastKnownFileType = sourcecode.swift; path = utilities.swift; sourceTree = "<group>"; };
		DDA6FEDC22D9214200E88A9A /* studentData.swift */ = {isa = PBXFileReference; lastKnownFileType = sourcecode.swift; path = studentData.swift; sourceTree = "<group>"; };
		DDA6FEDE22D9401200E88A9A /* ShowBillDetailsViewController.swift */ = {isa = PBXFileReference; lastKnownFileType = sourcecode.swift; path = ShowBillDetailsViewController.swift; sourceTree = "<group>"; };
/* End PBXFileReference section */

/* Begin PBXFrameworksBuildPhase section */
		DDA6FE8722D7F49E00E88A9A /* Frameworks */ = {
			isa = PBXFrameworksBuildPhase;
			buildActionMask = 2147483647;
			files = (
			);
			runOnlyForDeploymentPostprocessing = 0;
		};
		DDA6FE9B22D7F4A000E88A9A /* Frameworks */ = {
			isa = PBXFrameworksBuildPhase;
			buildActionMask = 2147483647;
			files = (
			);
			runOnlyForDeploymentPostprocessing = 0;
		};
		DDA6FEA622D7F4A000E88A9A /* Frameworks */ = {
			isa = PBXFrameworksBuildPhase;
			buildActionMask = 2147483647;
			files = (
			);
			runOnlyForDeploymentPostprocessing = 0;
		};
/* End PBXFrameworksBuildPhase section */

/* Begin PBXGroup section */
		DDA6FE8122D7F49E00E88A9A = {
			isa = PBXGroup;
			children = (
				DDA6FE8C22D7F49E00E88A9A /* C0753140_MidTerm_MAD3115S2019 */,
				DDA6FEA122D7F4A000E88A9A /* C0753140_MidTerm_MAD3115S2019Tests */,
				DDA6FEAC22D7F4A000E88A9A /* C0753140_MidTerm_MAD3115S2019UITests */,
				DDA6FE8B22D7F49E00E88A9A /* Products */,
			);
			sourceTree = "<group>";
		};
		DDA6FE8B22D7F49E00E88A9A /* Products */ = {
			isa = PBXGroup;
			children = (
				DDA6FE8A22D7F49E00E88A9A /* C0753140_MidTerm_MAD3115S2019.app */,
				DDA6FE9E22D7F4A000E88A9A /* C0753140_MidTerm_MAD3115S2019Tests.xctest */,
				DDA6FEA922D7F4A000E88A9A /* C0753140_MidTerm_MAD3115S2019UITests.xctest */,
			);
			name = Products;
			sourceTree = "<group>";
		};
		DDA6FE8C22D7F49E00E88A9A /* C0753140_MidTerm_MAD3115S2019 */ = {
			isa = PBXGroup;
			children = (
				DDA6FED922D9064000E88A9A /* Utilitieds */,
				DDA6FEC922D8391900E88A9A /* Classes */,
				DDA6FE8D22D7F49E00E88A9A /* AppDelegate.swift */,
				DDA6FE8F22D7F49E00E88A9A /* ViewController.swift */,
				DDA6FE9122D7F49E00E88A9A /* Main.storyboard */,
				DDA6FE9422D7F4A000E88A9A /* Assets.xcassets */,
				DDA6FE9622D7F4A000E88A9A /* LaunchScreen.storyboard */,
				DDA6FE9922D7F4A000E88A9A /* Info.plist */,
				DDA6FEBB22D7F70F00E88A9A /* SplashViewController.swift */,
				DDA6FEBF22D8072A00E88A9A /* BillListTableViewController.swift */,
				DDA6FEC522D8154300E88A9A /* Users.plist */,
				DDA6FED722D843D500E88A9A /* CustomerTableCellTableViewCell.swift */,
				DDA6FEDC22D9214200E88A9A /* studentData.swift */,
				DDA6FEDE22D9401200E88A9A /* ShowBillDetailsViewController.swift */,
			);
			path = C0753140_MidTerm_MAD3115S2019;
			sourceTree = "<group>";
		};
		DDA6FEA122D7F4A000E88A9A /* C0753140_MidTerm_MAD3115S2019Tests */ = {
			isa = PBXGroup;
			children = (
				DDA6FEA222D7F4A000E88A9A /* C0753140_MidTerm_MAD3115S2019Tests.swift */,
				DDA6FEA422D7F4A000E88A9A /* Info.plist */,
			);
			path = C0753140_MidTerm_MAD3115S2019Tests;
			sourceTree = "<group>";
		};
		DDA6FEAC22D7F4A000E88A9A /* C0753140_MidTerm_MAD3115S2019UITests */ = {
			isa = PBXGroup;
			children = (
				DDA6FEAD22D7F4A000E88A9A /* C0753140_MidTerm_MAD3115S2019UITests.swift */,
				DDA6FEAF22D7F4A000E88A9A /* Info.plist */,
			);
			path = C0753140_MidTerm_MAD3115S2019UITests;
			sourceTree = "<group>";
		};
		DDA6FEC922D8391900E88A9A /* Classes */ = {
			isa = PBXGroup;
			children = (
				DDA6FEC722D8387B00E88A9A /* Customer.swift */,
				DDA6FECA22D8393700E88A9A /* Hydro.swift */,
				DDA6FECC22D8396A00E88A9A /* Bill.swift */,
				DDA6FECE22D8399D00E88A9A /* Internet.swift */,
				DDA6FED022D839D100E88A9A /* Mobile.swift */,
			);
			path = Classes;
			sourceTree = "<group>";
		};
		DDA6FED922D9064000E88A9A /* Utilitieds */ = {
			isa = PBXGroup;
			children = (
				DDA6FEDA22D9066F00E88A9A /* utilities.swift */,
			);
			path = Utilitieds;
			sourceTree = "<group>";
		};
/* End PBXGroup section */

/* Begin PBXNativeTarget section */
		DDA6FE8922D7F49E00E88A9A /* C0753140_MidTerm_MAD3115S2019 */ = {
			isa = PBXNativeTarget;
			buildConfigurationList = DDA6FEB222D7F4A000E88A9A /* Build configuration list for PBXNativeTarget "C0753140_MidTerm_MAD3115S2019" */;
			buildPhases = (
				DDA6FE8622D7F49E00E88A9A /* Sources */,
				DDA6FE8722D7F49E00E88A9A /* Frameworks */,
				DDA6FE8822D7F49E00E88A9A /* Resources */,
			);
			buildRules = (
			);
			dependencies = (
			);
			name = C0753140_MidTerm_MAD3115S2019;
			productName = C0753140_MidTerm_MAD3115S2019;
			productReference = DDA6FE8A22D7F49E00E88A9A /* C0753140_MidTerm_MAD3115S2019.app */;
			productType = "com.apple.product-type.application";
		};
		DDA6FE9D22D7F4A000E88A9A /* C0753140_MidTerm_MAD3115S2019Tests */ = {
			isa = PBXNativeTarget;
			buildConfigurationList = DDA6FEB522D7F4A000E88A9A /* Build configuration list for PBXNativeTarget "C0753140_MidTerm_MAD3115S2019Tests" */;
			buildPhases = (
				DDA6FE9A22D7F4A000E88A9A /* Sources */,
				DDA6FE9B22D7F4A000E88A9A /* Frameworks */,
				DDA6FE9C22D7F4A000E88A9A /* Resources */,
			);
			buildRules = (
			);
			dependencies = (
				DDA6FEA022D7F4A000E88A9A /* PBXTargetDependency */,
			);
			name = C0753140_MidTerm_MAD3115S2019Tests;
			productName = C0753140_MidTerm_MAD3115S2019Tests;
			productReference = DDA6FE9E22D7F4A000E88A9A /* C0753140_MidTerm_MAD3115S2019Tests.xctest */;
			productType = "com.apple.product-type.bundle.unit-test";
		};
		DDA6FEA822D7F4A000E88A9A /* C0753140_MidTerm_MAD3115S2019UITests */ = {
			isa = PBXNativeTarget;
			buildConfigurationList = DDA6FEB822D7F4A000E88A9A /* Build configuration list for PBXNativeTarget "C0753140_MidTerm_MAD3115S2019UITests" */;
			buildPhases = (
				DDA6FEA522D7F4A000E88A9A /* Sources */,
				DDA6FEA622D7F4A000E88A9A /* Frameworks */,
				DDA6FEA722D7F4A000E88A9A /* Resources */,
			);
			buildRules = (
			);
			dependencies = (
				DDA6FEAB22D7F4A000E88A9A /* PBXTargetDependency */,
			);
			name = C0753140_MidTerm_MAD3115S2019UITests;
			productName = C0753140_MidTerm_MAD3115S2019UITests;
			productReference = DDA6FEA922D7F4A000E88A9A /* C0753140_MidTerm_MAD3115S2019UITests.xctest */;
			productType = "com.apple.product-type.bundle.ui-testing";
		};
/* End PBXNativeTarget section */

/* Begin PBXProject section */
		DDA6FE8222D7F49E00E88A9A /* Project object */ = {
			isa = PBXProject;
			attributes = {
				LastSwiftUpdateCheck = 1020;
				LastUpgradeCheck = 1020;
				ORGANIZATIONNAME = Gurwinder;
				TargetAttributes = {
					DDA6FE8922D7F49E00E88A9A = {
						CreatedOnToolsVersion = 10.2.1;
					};
					DDA6FE9D22D7F4A000E88A9A = {
						CreatedOnToolsVersion = 10.2.1;
						TestTargetID = DDA6FE8922D7F49E00E88A9A;
					};
					DDA6FEA822D7F4A000E88A9A = {
						CreatedOnToolsVersion = 10.2.1;
						TestTargetID = DDA6FE8922D7F49E00E88A9A;
					};
				};
			};
			buildConfigurationList = DDA6FE8522D7F49E00E88A9A /* Build configuration list for PBXProject "C0753140_MidTerm_MAD3115S2019" */;
			compatibilityVersion = "Xcode 9.3";
			developmentRegion = en;
			hasScannedForEncodings = 0;
			knownRegions = (
				en,
				Base,
			);
			mainGroup = DDA6FE8122D7F49E00E88A9A;
			productRefGroup = DDA6FE8B22D7F49E00E88A9A /* Products */;
			projectDirPath = "";
			projectRoot = "";
			targets = (
				DDA6FE8922D7F49E00E88A9A /* C0753140_MidTerm_MAD3115S2019 */,
				DDA6FE9D22D7F4A000E88A9A /* C0753140_MidTerm_MAD3115S2019Tests */,
				DDA6FEA822D7F4A000E88A9A /* C0753140_MidTerm_MAD3115S2019UITests */,
			);
		};
/* End PBXProject section */

/* Begin PBXResourcesBuildPhase section */
		DDA6FE8822D7F49E00E88A9A /* Resources */ = {
			isa = PBXResourcesBuildPhase;
			buildActionMask = 2147483647;
			files = (
				DDA6FE9822D7F4A000E88A9A /* LaunchScreen.storyboard in Resources */,
				DDA6FE9522D7F4A000E88A9A /* Assets.xcassets in Resources */,
				DDA6FEC622D8154300E88A9A /* Users.plist in Resources */,
				DDA6FE9322D7F49E00E88A9A /* Main.storyboard in Resources */,
			);
			runOnlyForDeploymentPostprocessing = 0;
		};
		DDA6FE9C22D7F4A000E88A9A /* Resources */ = {
			isa = PBXResourcesBuildPhase;
			buildActionMask = 2147483647;
			files = (
			);
			runOnlyForDeploymentPostprocessing = 0;
		};
		DDA6FEA722D7F4A000E88A9A /* Resources */ = {
			isa = PBXResourcesBuildPhase;
			buildActionMask = 2147483647;
			files = (
			);
			runOnlyForDeploymentPostprocessing = 0;
		};
/* End PBXResourcesBuildPhase section */

/* Begin PBXSourcesBuildPhase section */
		DDA6FE8622D7F49E00E88A9A /* Sources */ = {
			isa = PBXSourcesBuildPhase;
			buildActionMask = 2147483647;
			files = (
				DDA6FED822D843D500E88A9A /* CustomerTableCellTableViewCell.swift in Sources */,
				DDA6FED122D839D100E88A9A /* Mobile.swift in Sources */,
				DDA6FEBC22D7F70F00E88A9A /* SplashViewController.swift in Sources */,
				DDA6FEC822D8387B00E88A9A /* Customer.swift in Sources */,
				DDA6FECF22D8399D00E88A9A /* Internet.swift in Sources */,
				DDA6FEDB22D9066F00E88A9A /* utilities.swift in Sources */,
				DDA6FE9022D7F49E00E88A9A /* ViewController.swift in Sources */,
				DDA6FEC022D8072A00E88A9A /* BillListTableViewController.swift in Sources */,
				DDA6FECD22D8396A00E88A9A /* Bill.swift in Sources */,
				DDA6FEDD22D9214200E88A9A /* studentData.swift in Sources */,
				DDA6FECB22D8393700E88A9A /* Hydro.swift in Sources */,
				DDA6FE8E22D7F49E00E88A9A /* AppDelegate.swift in Sources */,
				DDA6FEDF22D9401200E88A9A /* ShowBillDetailsViewController.swift in Sources */,
			);
			runOnlyForDeploymentPostprocessing = 0;
		};
		DDA6FE9A22D7F4A000E88A9A /* Sources */ = {
			isa = PBXSourcesBuildPhase;
			buildActionMask = 2147483647;
			files = (
				DDA6FEA322D7F4A000E88A9A /* C0753140_MidTerm_MAD3115S2019Tests.swift in Sources */,
			);
			runOnlyForDeploymentPostprocessing = 0;
		};
		DDA6FEA522D7F4A000E88A9A /* Sources */ = {
			isa = PBXSourcesBuildPhase;
			buildActionMask = 2147483647;
			files = (
				DDA6FEAE22D7F4A000E88A9A /* C0753140_MidTerm_MAD3115S2019UITests.swift in Sources */,
			);
			runOnlyForDeploymentPostprocessing = 0;
		};
/* End PBXSourcesBuildPhase section */

/* Begin PBXTargetDependency section */
		DDA6FEA022D7F4A000E88A9A /* PBXTargetDependency */ = {
			isa = PBXTargetDependency;
			target = DDA6FE8922D7F49E00E88A9A /* C0753140_MidTerm_MAD3115S2019 */;
			targetProxy = DDA6FE9F22D7F4A000E88A9A /* PBXContainerItemProxy */;
		};
		DDA6FEAB22D7F4A000E88A9A /* PBXTargetDependency */ = {
			isa = PBXTargetDependency;
			target = DDA6FE8922D7F49E00E88A9A /* C0753140_MidTerm_MAD3115S2019 */;
			targetProxy = DDA6FEAA22D7F4A000E88A9A /* PBXContainerItemProxy */;
		};
/* End PBXTargetDependency section */

/* Begin PBXVariantGroup section */
		DDA6FE9122D7F49E00E88A9A /* Main.storyboard */ = {
			isa = PBXVariantGroup;
			children = (
				DDA6FE9222D7F49E00E88A9A /* Base */,
			);
			name = Main.storyboard;
			sourceTree = "<group>";
		};
		DDA6FE9622D7F4A000E88A9A /* LaunchScreen.storyboard */ = {
			isa = PBXVariantGroup;
			children = (
				DDA6FE9722D7F4A000E88A9A /* Base */,
			);
			name = LaunchScreen.storyboard;
			sourceTree = "<group>";
		};
/* End PBXVariantGroup section */

/* Begin XCBuildConfiguration section */
		DDA6FEB022D7F4A000E88A9A /* Debug */ = {
			isa = XCBuildConfiguration;
			buildSettings = {
				ALWAYS_SEARCH_USER_PATHS = NO;
				CLANG_ANALYZER_NONNULL = YES;
				CLANG_ANALYZER_NUMBER_OBJECT_CONVERSION = YES_AGGRESSIVE;
				CLANG_CXX_LANGUAGE_STANDARD = "gnu++14";
				CLANG_CXX_LIBRARY = "libc++";
				CLANG_ENABLE_MODULES = YES;
				CLANG_ENABLE_OBJC_ARC = YES;
				CLANG_ENABLE_OBJC_WEAK = YES;
				CLANG_WARN_BLOCK_CAPTURE_AUTORELEASING = YES;
				CLANG_WARN_BOOL_CONVERSION = YES;
				CLANG_WARN_COMMA = YES;
				CLANG_WARN_CONSTANT_CONVERSION = YES;
				CLANG_WARN_DEPRECATED_OBJC_IMPLEMENTATIONS = YES;
				CLANG_WARN_DIRECT_OBJC_ISA_USAGE = YES_ERROR;
				CLANG_WARN_DOCUMENTATION_COMMENTS = YES;
				CLANG_WARN_EMPTY_BODY = YES;
				CLANG_WARN_ENUM_CONVERSION = YES;
				CLANG_WARN_INFINITE_RECURSION = YES;
				CLANG_WARN_INT_CONVERSION = YES;
				CLANG_WARN_NON_LITERAL_NULL_CONVERSION = YES;
				CLANG_WARN_OBJC_IMPLICIT_RETAIN_SELF = YES;
				CLANG_WARN_OBJC_LITERAL_CONVERSION = YES;
				CLANG_WARN_OBJC_ROOT_CLASS = YES_ERROR;
				CLANG_WARN_RANGE_LOOP_ANALYSIS = YES;
				CLANG_WARN_STRICT_PROTOTYPES = YES;
				CLANG_WARN_SUSPICIOUS_MOVE = YES;
				CLANG_WARN_UNGUARDED_AVAILABILITY = YES_AGGRESSIVE;
				CLANG_WARN_UNREACHABLE_CODE = YES;
				CLANG_WARN__DUPLICATE_METHOD_MATCH = YES;
				CODE_SIGN_IDENTITY = "iPhone Developer";
				COPY_PHASE_STRIP = NO;
				DEBUG_INFORMATION_FORMAT = dwarf;
				ENABLE_STRICT_OBJC_MSGSEND = YES;
				ENABLE_TESTABILITY = YES;
				GCC_C_LANGUAGE_STANDARD = gnu11;
				GCC_DYNAMIC_NO_PIC = NO;
				GCC_NO_COMMON_BLOCKS = YES;
				GCC_OPTIMIZATION_LEVEL = 0;
				GCC_PREPROCESSOR_DEFINITIONS = (
					"DEBUG=1",
					"$(inherited)",
				);
				GCC_WARN_64_TO_32_BIT_CONVERSION = YES;
				GCC_WARN_ABOUT_RETURN_TYPE = YES_ERROR;
				GCC_WARN_UNDECLARED_SELECTOR = YES;
				GCC_WARN_UNINITIALIZED_AUTOS = YES_AGGRESSIVE;
				GCC_WARN_UNUSED_FUNCTION = YES;
				GCC_WARN_UNUSED_VARIABLE = YES;
				IPHONEOS_DEPLOYMENT_TARGET = 12.2;
				MTL_ENABLE_DEBUG_INFO = INCLUDE_SOURCE;
				MTL_FAST_MATH = YES;
				ONLY_ACTIVE_ARCH = YES;
				SDKROOT = iphoneos;
				SWIFT_ACTIVE_COMPILATION_CONDITIONS = DEBUG;
				SWIFT_OPTIMIZATION_LEVEL = "-Onone";
			};
			name = Debug;
		};
		DDA6FEB122D7F4A000E88A9A /* Release */ = {
			isa = XCBuildConfiguration;
			buildSettings = {
				ALWAYS_SEARCH_USER_PATHS = NO;
				CLANG_ANALYZER_NONNULL = YES;
				CLANG_ANALYZER_NUMBER_OBJECT_CONVERSION = YES_AGGRESSIVE;
				CLANG_CXX_LANGUAGE_STANDARD = "gnu++14";
				CLANG_CXX_LIBRARY = "libc++";
				CLANG_ENABLE_MODULES = YES;
				CLANG_ENABLE_OBJC_ARC = YES;
				CLANG_ENABLE_OBJC_WEAK = YES;
				CLANG_WARN_BLOCK_CAPTURE_AUTORELEASING = YES;
				CLANG_WARN_BOOL_CONVERSION = YES;
				CLANG_WARN_COMMA = YES;
				CLANG_WARN_CONSTANT_CONVERSION = YES;
				CLANG_WARN_DEPRECATED_OBJC_IMPLEMENTATIONS = YES;
				CLANG_WARN_DIRECT_OBJC_ISA_USAGE = YES_ERROR;
				CLANG_WARN_DOCUMENTATION_COMMENTS = YES;
				CLANG_WARN_EMPTY_BODY = YES;
				CLANG_WARN_ENUM_CONVERSION = YES;
				CLANG_WARN_INFINITE_RECURSION = YES;
				CLANG_WARN_INT_CONVERSION = YES;
				CLANG_WARN_NON_LITERAL_NULL_CONVERSION = YES;
				CLANG_WARN_OBJC_IMPLICIT_RETAIN_SELF = YES;
				CLANG_WARN_OBJC_LITERAL_CONVERSION = YES;
				CLANG_WARN_OBJC_ROOT_CLASS = YES_ERROR;
				CLANG_WARN_RANGE_LOOP_ANALYSIS = YES;
				CLANG_WARN_STRICT_PROTOTYPES = YES;
				CLANG_WARN_SUSPICIOUS_MOVE = YES;
				CLANG_WARN_UNGUARDED_AVAILABILITY = YES_AGGRESSIVE;
				CLANG_WARN_UNREACHABLE_CODE = YES;
				CLANG_WARN__DUPLICATE_METHOD_MATCH = YES;
				CODE_SIGN_IDENTITY = "iPhone Developer";
				COPY_PHASE_STRIP = NO;
				DEBUG_INFORMATION_FORMAT = "dwarf-with-dsym";
				ENABLE_NS_ASSERTIONS = NO;
				ENABLE_STRICT_OBJC_MSGSEND = YES;
				GCC_C_LANGUAGE_STANDARD = gnu11;
				GCC_NO_COMMON_BLOCKS = YES;
				GCC_WARN_64_TO_32_BIT_CONVERSION = YES;
				GCC_WARN_ABOUT_RETURN_TYPE = YES_ERROR;
				GCC_WARN_UNDECLARED_SELECTOR = YES;
				GCC_WARN_UNINITIALIZED_AUTOS = YES_AGGRESSIVE;
				GCC_WARN_UNUSED_FUNCTION = YES;
				GCC_WARN_UNUSED_VARIABLE = YES;
				IPHONEOS_DEPLOYMENT_TARGET = 12.2;
				MTL_ENABLE_DEBUG_INFO = NO;
				MTL_FAST_MATH = YES;
				SDKROOT = iphoneos;
				SWIFT_COMPILATION_MODE = wholemodule;
				SWIFT_OPTIMIZATION_LEVEL = "-O";
				VALIDATE_PRODUCT = YES;
			};
			name = Release;
		};
		DDA6FEB322D7F4A000E88A9A /* Debug */ = {
			isa = XCBuildConfiguration;
			buildSettings = {
				ASSETCATALOG_COMPILER_APPICON_NAME = AppIcon;
				CODE_SIGN_STYLE = Automatic;
				DEVELOPMENT_TEAM = UB2F44SS9G;
				INFOPLIST_FILE = C0753140_MidTerm_MAD3115S2019/Info.plist;
				LD_RUNPATH_SEARCH_PATHS = (
					"$(inherited)",
					"@executable_path/Frameworks",
				);
				PRODUCT_BUNDLE_IDENTIFIER = "com.gurwinder.C0753140-MidTerm-MAD3115S2019";
				PRODUCT_NAME = "$(TARGET_NAME)";
				SWIFT_VERSION = 5.0;
				TARGETED_DEVICE_FAMILY = "1,2";
			};
			name = Debug;
		};
		DDA6FEB422D7F4A000E88A9A /* Release */ = {
			isa = XCBuildConfiguration;
			buildSettings = {
				ASSETCATALOG_COMPILER_APPICON_NAME = AppIcon;
				CODE_SIGN_STYLE = Automatic;
				DEVELOPMENT_TEAM = UB2F44SS9G;
				INFOPLIST_FILE = C0753140_MidTerm_MAD3115S2019/Info.plist;
				LD_RUNPATH_SEARCH_PATHS = (
					"$(inherited)",
					"@executable_path/Frameworks",
				);
				PRODUCT_BUNDLE_IDENTIFIER = "com.gurwinder.C0753140-MidTerm-MAD3115S2019";
				PRODUCT_NAME = "$(TARGET_NAME)";
				SWIFT_VERSION = 5.0;
				TARGETED_DEVICE_FAMILY = "1,2";
			};
			name = Release;
		};
		DDA6FEB622D7F4A000E88A9A /* Debug */ = {
			isa = XCBuildConfiguration;
			buildSettings = {
				ALWAYS_EMBED_SWIFT_STANDARD_LIBRARIES = YES;
				BUNDLE_LOADER = "$(TEST_HOST)";
				CODE_SIGN_STYLE = Automatic;
				DEVELOPMENT_TEAM = UB2F44SS9G;
				INFOPLIST_FILE = C0753140_MidTerm_MAD3115S2019Tests/Info.plist;
				LD_RUNPATH_SEARCH_PATHS = (
					"$(inherited)",
					"@executable_path/Frameworks",
					"@loader_path/Frameworks",
				);
				PRODUCT_BUNDLE_IDENTIFIER = "com.gurwinder.C0753140-MidTerm-MAD3115S2019Tests";
				PRODUCT_NAME = "$(TARGET_NAME)";
				SWIFT_VERSION = 5.0;
				TARGETED_DEVICE_FAMILY = "1,2";
				TEST_HOST = "$(BUILT_PRODUCTS_DIR)/C0753140_MidTerm_MAD3115S2019.app/C0753140_MidTerm_MAD3115S2019";
			};
			name = Debug;
		};
		DDA6FEB722D7F4A000E88A9A /* Release */ = {
			isa = XCBuildConfiguration;
			buildSettings = {
				ALWAYS_EMBED_SWIFT_STANDARD_LIBRARIES = YES;
				BUNDLE_LOADER = "$(TEST_HOST)";
				CODE_SIGN_STYLE = Automatic;
				DEVELOPMENT_TEAM = UB2F44SS9G;
				INFOPLIST_FILE = C0753140_MidTerm_MAD3115S2019Tests/Info.plist;
				LD_RUNPATH_SEARCH_PATHS = (
					"$(inherited)",
					"@executable_path/Frameworks",
					"@loader_path/Frameworks",
				);
				PRODUCT_BUNDLE_IDENTIFIER = "com.gurwinder.C0753140-MidTerm-MAD3115S2019Tests";
				PRODUCT_NAME = "$(TARGET_NAME)";
				SWIFT_VERSION = 5.0;
				TARGETED_DEVICE_FAMILY = "1,2";
				TEST_HOST = "$(BUILT_PRODUCTS_DIR)/C0753140_MidTerm_MAD3115S2019.app/C0753140_MidTerm_MAD3115S2019";
			};
			name = Release;
		};
		DDA6FEB922D7F4A000E88A9A /* Debug */ = {
			isa = XCBuildConfiguration;
			buildSettings = {
				ALWAYS_EMBED_SWIFT_STANDARD_LIBRARIES = YES;
				CODE_SIGN_STYLE = Automatic;
				DEVELOPMENT_TEAM = UB2F44SS9G;
				INFOPLIST_FILE = C0753140_MidTerm_MAD3115S2019UITests/Info.plist;
				LD_RUNPATH_SEARCH_PATHS = (
					"$(inherited)",
					"@executable_path/Frameworks",
					"@loader_path/Frameworks",
				);
				PRODUCT_BUNDLE_IDENTIFIER = "com.gurwinder.C0753140-MidTerm-MAD3115S2019UITests";
				PRODUCT_NAME = "$(TARGET_NAME)";
				SWIFT_VERSION = 5.0;
				TARGETED_DEVICE_FAMILY = "1,2";
				TEST_TARGET_NAME = C0753140_MidTerm_MAD3115S2019;
			};
			name = Debug;
		};
		DDA6FEBA22D7F4A000E88A9A /* Release */ = {
			isa = XCBuildConfiguration;
			buildSettings = {
				ALWAYS_EMBED_SWIFT_STANDARD_LIBRARIES = YES;
				CODE_SIGN_STYLE = Automatic;
				DEVELOPMENT_TEAM = UB2F44SS9G;
				INFOPLIST_FILE = C0753140_MidTerm_MAD3115S2019UITests/Info.plist;
				LD_RUNPATH_SEARCH_PATHS = (
					"$(inherited)",
					"@executable_path/Frameworks",
					"@loader_path/Frameworks",
				);
				PRODUCT_BUNDLE_IDENTIFIER = "com.gurwinder.C0753140-MidTerm-MAD3115S2019UITests";
				PRODUCT_NAME = "$(TARGET_NAME)";
				SWIFT_VERSION = 5.0;
				TARGETED_DEVICE_FAMILY = "1,2";
				TEST_TARGET_NAME = C0753140_MidTerm_MAD3115S2019;
			};
			name = Release;
		};
/* End XCBuildConfiguration section */

/* Begin XCConfigurationList section */
		DDA6FE8522D7F49E00E88A9A /* Build configuration list for PBXProject "C0753140_MidTerm_MAD3115S2019" */ = {
			isa = XCConfigurationList;
			buildConfigurations = (
				DDA6FEB022D7F4A000E88A9A /* Debug */,
				DDA6FEB122D7F4A000E88A9A /* Release */,
			);
			defaultConfigurationIsVisible = 0;
			defaultConfigurationName = Release;
		};
		DDA6FEB222D7F4A000E88A9A /* Build configuration list for PBXNativeTarget "C0753140_MidTerm_MAD3115S2019" */ = {
			isa = XCConfigurationList;
			buildConfigurations = (
				DDA6FEB322D7F4A000E88A9A /* Debug */,
				DDA6FEB422D7F4A000E88A9A /* Release */,
			);
			defaultConfigurationIsVisible = 0;
			defaultConfigurationName = Release;
		};
		DDA6FEB522D7F4A000E88A9A /* Build configuration list for PBXNativeTarget "C0753140_MidTerm_MAD3115S2019Tests" */ = {
			isa = XCConfigurationList;
			buildConfigurations = (
				DDA6FEB622D7F4A000E88A9A /* Debug */,
				DDA6FEB722D7F4A000E88A9A /* Release */,
			);
			defaultConfigurationIsVisible = 0;
			defaultConfigurationName = Release;
		};
		DDA6FEB822D7F4A000E88A9A /* Build configuration list for PBXNativeTarget "C0753140_MidTerm_MAD3115S2019UITests" */ = {
			isa = XCConfigurationList;
			buildConfigurations = (
				DDA6FEB922D7F4A000E88A9A /* Debug */,
				DDA6FEBA22D7F4A000E88A9A /* Release */,
			);
			defaultConfigurationIsVisible = 0;
			defaultConfigurationName = Release;
		};
/* End XCConfigurationList section */
	};
	rootObject = DDA6FE8222D7F49E00E88A9A /* Project object */;
}
